
Microsoft Visual Studio Solution File, Format Version 12.00
# Visual Studio Version 18
VisualStudioVersion = 18.1.11312.151 d18.0
MinimumVisualStudioVersion = 10.0.40219.1
Project("{888888A0-9F3D-457C-B088-3A5042F75D52}") = "Liorhybrid", "Liorhybrid.pyproj", "{40CF80DF-E884-4F88-BCEE-A7C2BAB6F69F}"
EndProject
Global
	GlobalSection(SolutionConfigurationPlatforms) = preSolution
		Debug|Any CPU = Debug|Any CPU
		Release|Any CPU = Release|Any CPU
	EndGlobalSection
	GlobalSection(ProjectConfigurationPlatforms) = postSolution
		{40CF80DF-E884-4F88-BCEE-A7C2BAB6F69F}.Debug|Any CPU.ActiveCfg = Debug|Any CPU
		{40CF80DF-E884-4F88-BCEE-A7C2BAB6F69F}.Release|Any CPU.ActiveCfg = Release|Any CPU
	EndGlobalSection
	GlobalSection(SolutionProperties) = preSolution
		HideSolutionNode = FALSE
	EndGlobalSection
	GlobalSection(ExtensibilityGlobals) = postSolution
		SolutionGuid = {1753BDEC-CC6D-47C7-9C7D-BEEBAE408E13}
	EndGlobalSection
EndGlobal
